// !$*UTF8*$!
{
	archiveVersion = 1;
	classes = {
	};
	objectVersion = 55;
	objects = {

/* Begin PBXBuildFile section */
		E4605C8A2761112600BF3FDC /* CoachError.swift in Sources */ = {isa = PBXBuildFile; fileRef = E4605C892761112600BF3FDC /* CoachError.swift */; };
		E4605C8C2761124800BF3FDC /* CoachController.swift in Sources */ = {isa = PBXBuildFile; fileRef = E4605C8B2761124800BF3FDC /* CoachController.swift */; };
		E49C92A527B2E324002CBBD5 /* Camera.swift in Sources */ = {isa = PBXBuildFile; fileRef = E49C92A427B2E324002CBBD5 /* Camera.swift */; };
		E49E9F62275A78330048A62E /* Coach.swift in Sources */ = {isa = PBXBuildFile; fileRef = E49E9F61275A78330048A62E /* Coach.swift */; };
		E49E9F65275A78610048A62E /* CloudKit.framework in Frameworks */ = {isa = PBXBuildFile; fileRef = E49E9F64275A78610048A62E /* CloudKit.framework */; };
		E4B699FB275E806B00E85F3F /* CloudKitUser.swift in Sources */ = {isa = PBXBuildFile; fileRef = E4B699FA275E806B00E85F3F /* CloudKitUser.swift */; };
		E4B699FE275E85CB00E85F3F /* CloudKitEnum.swift in Sources */ = {isa = PBXBuildFile; fileRef = E4B699FD275E85CB00E85F3F /* CloudKitEnum.swift */; };
		E4BC896E2757E0EA0076F4D5 /* TD_Coach_CamApp.swift in Sources */ = {isa = PBXBuildFile; fileRef = E4BC896D2757E0EA0076F4D5 /* TD_Coach_CamApp.swift */; };
		E4BC89702757E0EA0076F4D5 /* ContentView.swift in Sources */ = {isa = PBXBuildFile; fileRef = E4BC896F2757E0EA0076F4D5 /* ContentView.swift */; };
		E4BC89722757E0EC0076F4D5 /* Assets.xcassets in Resources */ = {isa = PBXBuildFile; fileRef = E4BC89712757E0EC0076F4D5 /* Assets.xcassets */; };
		E4BC89752757E0EC0076F4D5 /* Preview Assets.xcassets in Resources */ = {isa = PBXBuildFile; fileRef = E4BC89742757E0EC0076F4D5 /* Preview Assets.xcassets */; };
/* End PBXBuildFile section */

/* Begin PBXFileReference section */
		E4605C892761112600BF3FDC /* CoachError.swift */ = {isa = PBXFileReference; lastKnownFileType = sourcecode.swift; path = CoachError.swift; sourceTree = "<group>"; };
		E4605C8B2761124800BF3FDC /* CoachController.swift */ = {isa = PBXFileReference; lastKnownFileType = sourcecode.swift; path = CoachController.swift; sourceTree = "<group>"; };
		E49C92A427B2E324002CBBD5 /* Camera.swift */ = {isa = PBXFileReference; lastKnownFileType = sourcecode.swift; path = Camera.swift; sourceTree = "<group>"; };
		E49E9F61275A78330048A62E /* Coach.swift */ = {isa = PBXFileReference; lastKnownFileType = sourcecode.swift; path = Coach.swift; sourceTree = "<group>"; };
		E49E9F64275A78610048A62E /* CloudKit.framework */ = {isa = PBXFileReference; lastKnownFileType = wrapper.framework; name = CloudKit.framework; path = System/Library/Frameworks/CloudKit.framework; sourceTree = SDKROOT; };
		E4B699FA275E806B00E85F3F /* CloudKitUser.swift */ = {isa = PBXFileReference; lastKnownFileType = sourcecode.swift; path = CloudKitUser.swift; sourceTree = "<group>"; };
		E4B699FC275E80E200E85F3F /* TD Coach Cam.entitlements */ = {isa = PBXFileReference; lastKnownFileType = text.plist.entitlements; path = "TD Coach Cam.entitlements"; sourceTree = "<group>"; };
		E4B699FD275E85CB00E85F3F /* CloudKitEnum.swift */ = {isa = PBXFileReference; lastKnownFileType = sourcecode.swift; path = CloudKitEnum.swift; sourceTree = "<group>"; };
		E4BC896A2757E0EA0076F4D5 /* TD Coach Cam.app */ = {isa = PBXFileReference; explicitFileType = wrapper.application; includeInIndex = 0; path = "TD Coach Cam.app"; sourceTree = BUILT_PRODUCTS_DIR; };
		E4BC896D2757E0EA0076F4D5 /* TD_Coach_CamApp.swift */ = {isa = PBXFileReference; lastKnownFileType = sourcecode.swift; path = TD_Coach_CamApp.swift; sourceTree = "<group>"; };
		E4BC896F2757E0EA0076F4D5 /* ContentView.swift */ = {isa = PBXFileReference; lastKnownFileType = sourcecode.swift; path = ContentView.swift; sourceTree = "<group>"; };
		E4BC89712757E0EC0076F4D5 /* Assets.xcassets */ = {isa = PBXFileReference; lastKnownFileType = folder.assetcatalog; path = Assets.xcassets; sourceTree = "<group>"; };
		E4BC89742757E0EC0076F4D5 /* Preview Assets.xcassets */ = {isa = PBXFileReference; lastKnownFileType = folder.assetcatalog; path = "Preview Assets.xcassets"; sourceTree = "<group>"; };
/* End PBXFileReference section */

/* Begin PBXFrameworksBuildPhase section */
		E4BC89672757E0EA0076F4D5 /* Frameworks */ = {
			isa = PBXFrameworksBuildPhase;
			buildActionMask = 2147483647;
			files = (
				E49E9F65275A78610048A62E /* CloudKit.framework in Frameworks */,
			);
			runOnlyForDeploymentPostprocessing = 0;
		};
/* End PBXFrameworksBuildPhase section */

/* Begin PBXGroup section */
		E49E9F63275A78610048A62E /* Frameworks */ = {
			isa = PBXGroup;
			children = (
				E49E9F64275A78610048A62E /* CloudKit.framework */,
			);
			name = Frameworks;
			sourceTree = "<group>";
		};
		E4B699FF275E868400E85F3F /* Helpers */ = {
			isa = PBXGroup;
			children = (
				E4B699FD275E85CB00E85F3F /* CloudKitEnum.swift */,
				E4605C892761112600BF3FDC /* CoachError.swift */,
			);
			path = Helpers;
			sourceTree = "<group>";
		};
		E4BC89612757E0EA0076F4D5 = {
			isa = PBXGroup;
			children = (
				E4BC896C2757E0EA0076F4D5 /* TD Coach Cam */,
				E4BC896B2757E0EA0076F4D5 /* Products */,
				E49E9F63275A78610048A62E /* Frameworks */,
			);
			sourceTree = "<group>";
		};
		E4BC896B2757E0EA0076F4D5 /* Products */ = {
			isa = PBXGroup;
			children = (
				E4BC896A2757E0EA0076F4D5 /* TD Coach Cam.app */,
			);
			name = Products;
			sourceTree = "<group>";
		};
		E4BC896C2757E0EA0076F4D5 /* TD Coach Cam */ = {
			isa = PBXGroup;
			children = (
				E4B699FC275E80E200E85F3F /* TD Coach Cam.entitlements */,
				E4B699FF275E868400E85F3F /* Helpers */,
				E4BC897D2757E15C0076F4D5 /* Views */,
				E4BC897C2757E14C0076F4D5 /* Models */,
				E4BC897B2757E12E0076F4D5 /* Resources */,
				E4BC89732757E0EC0076F4D5 /* Preview Content */,
			);
			path = "TD Coach Cam";
			sourceTree = "<group>";
		};
		E4BC89732757E0EC0076F4D5 /* Preview Content */ = {
			isa = PBXGroup;
			children = (
				E4BC89742757E0EC0076F4D5 /* Preview Assets.xcassets */,
			);
			path = "Preview Content";
			sourceTree = "<group>";
		};
		E4BC897B2757E12E0076F4D5 /* Resources */ = {
			isa = PBXGroup;
			children = (
				E4BC89712757E0EC0076F4D5 /* Assets.xcassets */,
			);
			path = Resources;
			sourceTree = "<group>";
		};
		E4BC897C2757E14C0076F4D5 /* Models */ = {
			isa = PBXGroup;
			children = (
				E49E9F61275A78330048A62E /* Coach.swift */,
				E4BC897F2757E19E0076F4D5 /* Model Controllers */,
			);
			path = Models;
			sourceTree = "<group>";
		};
		E4BC897D2757E15C0076F4D5 /* Views */ = {
			isa = PBXGroup;
			children = (
				E4B699FA275E806B00E85F3F /* CloudKitUser.swift */,
				E49C92A427B2E324002CBBD5 /* Camera.swift */,
				E4BC897E2757E1900076F4D5 /* View Controllers */,
			);
			path = Views;
			sourceTree = "<group>";
		};
		E4BC897E2757E1900076F4D5 /* View Controllers */ = {
			isa = PBXGroup;
			children = (
				E4BC896D2757E0EA0076F4D5 /* TD_Coach_CamApp.swift */,
				E4BC896F2757E0EA0076F4D5 /* ContentView.swift */,
			);
			path = "View Controllers";
			sourceTree = "<group>";
		};
		E4BC897F2757E19E0076F4D5 /* Model Controllers */ = {
			isa = PBXGroup;
			children = (
				E4605C8B2761124800BF3FDC /* CoachController.swift */,
			);
			path = "Model Controllers";
			sourceTree = "<group>";
		};
/* End PBXGroup section */

/* Begin PBXNativeTarget section */
		E4BC89692757E0EA0076F4D5 /* TD Coach Cam */ = {
			isa = PBXNativeTarget;
			buildConfigurationList = E4BC89782757E0EC0076F4D5 /* Build configuration list for PBXNativeTarget "TD Coach Cam" */;
			buildPhases = (
				E4BC89662757E0EA0076F4D5 /* Sources */,
				E4BC89672757E0EA0076F4D5 /* Frameworks */,
				E4BC89682757E0EA0076F4D5 /* Resources */,
			);
			buildRules = (
			);
			dependencies = (
			);
			name = "TD Coach Cam";
			productName = "TD Coach Cam";
			productReference = E4BC896A2757E0EA0076F4D5 /* TD Coach Cam.app */;
			productType = "com.apple.product-type.application";
		};
/* End PBXNativeTarget section */

/* Begin PBXProject section */
		E4BC89622757E0EA0076F4D5 /* Project object */ = {
			isa = PBXProject;
			attributes = {
				BuildIndependentTargetsInParallel = 1;
				LastSwiftUpdateCheck = 1310;
				LastUpgradeCheck = 1310;
				TargetAttributes = {
					E4BC89692757E0EA0076F4D5 = {
						CreatedOnToolsVersion = 13.1;
					};
				};
			};
			buildConfigurationList = E4BC89652757E0EA0076F4D5 /* Build configuration list for PBXProject "TD Coach Cam" */;
			compatibilityVersion = "Xcode 13.0";
			developmentRegion = en;
			hasScannedForEncodings = 0;
			knownRegions = (
				en,
				Base,
			);
			mainGroup = E4BC89612757E0EA0076F4D5;
			productRefGroup = E4BC896B2757E0EA0076F4D5 /* Products */;
			projectDirPath = "";
			projectRoot = "";
			targets = (
				E4BC89692757E0EA0076F4D5 /* TD Coach Cam */,
			);
		};
/* End PBXProject section */

/* Begin PBXResourcesBuildPhase section */
		E4BC89682757E0EA0076F4D5 /* Resources */ = {
			isa = PBXResourcesBuildPhase;
			buildActionMask = 2147483647;
			files = (
				E4BC89752757E0EC0076F4D5 /* Preview Assets.xcassets in Resources */,
				E4BC89722757E0EC0076F4D5 /* Assets.xcassets in Resources */,
			);
			runOnlyForDeploymentPostprocessing = 0;
		};
/* End PBXResourcesBuildPhase section */

/* Begin PBXSourcesBuildPhase section */
		E4BC89662757E0EA0076F4D5 /* Sources */ = {
			isa = PBXSourcesBuildPhase;
			buildActionMask = 2147483647;
			files = (
				E49C92A527B2E324002CBBD5 /* Camera.swift in Sources */,
				E4B699FE275E85CB00E85F3F /* CloudKitEnum.swift in Sources */,
				E4605C8A2761112600BF3FDC /* CoachError.swift in Sources */,
				E4BC89702757E0EA0076F4D5 /* ContentView.swift in Sources */,
				E4BC896E2757E0EA0076F4D5 /* TD_Coach_CamApp.swift in Sources */,
				E49E9F62275A78330048A62E /* Coach.swift in Sources */,
				E4B699FB275E806B00E85F3F /* CloudKitUser.swift in Sources */,
				E4605C8C2761124800BF3FDC /* CoachController.swift in Sources */,
			);
			runOnlyForDeploymentPostprocessing = 0;
		};
/* End PBXSourcesBuildPhase section */

/* Begin XCBuildConfiguration section */
		E4BC89762757E0EC0076F4D5 /* Debug */ = {
			isa = XCBuildConfiguration;
			buildSettings = {
				ALWAYS_SEARCH_USER_PATHS = NO;
				CLANG_ANALYZER_NONNULL = YES;
				CLANG_ANALYZER_NUMBER_OBJECT_CONVERSION = YES_AGGRESSIVE;
				CLANG_CXX_LANGUAGE_STANDARD = "gnu++17";
				CLANG_CXX_LIBRARY = "libc++";
				CLANG_ENABLE_MODULES = YES;
				CLANG_ENABLE_OBJC_ARC = YES;
				CLANG_ENABLE_OBJC_WEAK = YES;
				CLANG_WARN_BLOCK_CAPTURE_AUTORELEASING = YES;
				CLANG_WARN_BOOL_CONVERSION = YES;
				CLANG_WARN_COMMA = YES;
				CLANG_WARN_CONSTANT_CONVERSION = YES;
				CLANG_WARN_DEPRECATED_OBJC_IMPLEMENTATIONS = YES;
				CLANG_WARN_DIRECT_OBJC_ISA_USAGE = YES_ERROR;
				CLANG_WARN_DOCUMENTATION_COMMENTS = YES;
				CLANG_WARN_EMPTY_BODY = YES;
				CLANG_WARN_ENUM_CONVERSION = YES;
				CLANG_WARN_INFINITE_RECURSION = YES;
				CLANG_WARN_INT_CONVERSION = YES;
				CLANG_WARN_NON_LITERAL_NULL_CONVERSION = YES;
				CLANG_WARN_OBJC_IMPLICIT_RETAIN_SELF = YES;
				CLANG_WARN_OBJC_LITERAL_CONVERSION = YES;
				CLANG_WARN_OBJC_ROOT_CLASS = YES_ERROR;
				CLANG_WARN_QUOTED_INCLUDE_IN_FRAMEWORK_HEADER = YES;
				CLANG_WARN_RANGE_LOOP_ANALYSIS = YES;
				CLANG_WARN_STRICT_PROTOTYPES = YES;
				CLANG_WARN_SUSPICIOUS_MOVE = YES;
				CLANG_WARN_UNGUARDED_AVAILABILITY = YES_AGGRESSIVE;
				CLANG_WARN_UNREACHABLE_CODE = YES;
				CLANG_WARN__DUPLICATE_METHOD_MATCH = YES;
				COPY_PHASE_STRIP = NO;
				DEBUG_INFORMATION_FORMAT = dwarf;
				ENABLE_STRICT_OBJC_MSGSEND = YES;
				ENABLE_TESTABILITY = YES;
				GCC_C_LANGUAGE_STANDARD = gnu11;
				GCC_DYNAMIC_NO_PIC = NO;
				GCC_NO_COMMON_BLOCKS = YES;
				GCC_OPTIMIZATION_LEVEL = 0;
				GCC_PREPROCESSOR_DEFINITIONS = (
					"DEBUG=1",
					"$(inherited)",
				);
				GCC_WARN_64_TO_32_BIT_CONVERSION = YES;
				GCC_WARN_ABOUT_RETURN_TYPE = YES_ERROR;
				GCC_WARN_UNDECLARED_SELECTOR = YES;
				GCC_WARN_UNINITIALIZED_AUTOS = YES_AGGRESSIVE;
				GCC_WARN_UNUSED_FUNCTION = YES;
				GCC_WARN_UNUSED_VARIABLE = YES;
				IPHONEOS_DEPLOYMENT_TARGET = 15.0;
				MTL_ENABLE_DEBUG_INFO = INCLUDE_SOURCE;
				MTL_FAST_MATH = YES;
				ONLY_ACTIVE_ARCH = YES;
				SDKROOT = iphoneos;
				SWIFT_ACTIVE_COMPILATION_CONDITIONS = DEBUG;
				SWIFT_OPTIMIZATION_LEVEL = "-Onone";
			};
			name = Debug;
		};
		E4BC89772757E0EC0076F4D5 /* Release */ = {
			isa = XCBuildConfiguration;
			buildSettings = {
				ALWAYS_SEARCH_USER_PATHS = NO;
				CLANG_ANALYZER_NONNULL = YES;
				CLANG_ANALYZER_NUMBER_OBJECT_CONVERSION = YES_AGGRESSIVE;
				CLANG_CXX_LANGUAGE_STANDARD = "gnu++17";
				CLANG_CXX_LIBRARY = "libc++";
				CLANG_ENABLE_MODULES = YES;
				CLANG_ENABLE_OBJC_ARC = YES;
				CLANG_ENABLE_OBJC_WEAK = YES;
				CLANG_WARN_BLOCK_CAPTURE_AUTORELEASING = YES;
				CLANG_WARN_BOOL_CONVERSION = YES;
				CLANG_WARN_COMMA = YES;
				CLANG_WARN_CONSTANT_CONVERSION = YES;
				CLANG_WARN_DEPRECATED_OBJC_IMPLEMENTATIONS = YES;
				CLANG_WARN_DIRECT_OBJC_ISA_USAGE = YES_ERROR;
				CLANG_WARN_DOCUMENTATION_COMMENTS = YES;
				CLANG_WARN_EMPTY_BODY = YES;
				CLANG_WARN_ENUM_CONVERSION = YES;
				CLANG_WARN_INFINITE_RECURSION = YES;
				CLANG_WARN_INT_CONVERSION = YES;
				CLANG_WARN_NON_LITERAL_NULL_CONVERSION = YES;
				CLANG_WARN_OBJC_IMPLICIT_RETAIN_SELF = YES;
				CLANG_WARN_OBJC_LITERAL_CONVERSION = YES;
				CLANG_WARN_OBJC_ROOT_CLASS = YES_ERROR;
				CLANG_WARN_QUOTED_INCLUDE_IN_FRAMEWORK_HEADER = YES;
				CLANG_WARN_RANGE_LOOP_ANALYSIS = YES;
				CLANG_WARN_STRICT_PROTOTYPES = YES;
				CLANG_WARN_SUSPICIOUS_MOVE = YES;
				CLANG_WARN_UNGUARDED_AVAILABILITY = YES_AGGRESSIVE;
				CLANG_WARN_UNREACHABLE_CODE = YES;
				CLANG_WARN__DUPLICATE_METHOD_MATCH = YES;
				COPY_PHASE_STRIP = NO;
				DEBUG_INFORMATION_FORMAT = "dwarf-with-dsym";
				ENABLE_NS_ASSERTIONS = NO;
				ENABLE_STRICT_OBJC_MSGSEND = YES;
				GCC_C_LANGUAGE_STANDARD = gnu11;
				GCC_NO_COMMON_BLOCKS = YES;
				GCC_WARN_64_TO_32_BIT_CONVERSION = YES;
				GCC_WARN_ABOUT_RETURN_TYPE = YES_ERROR;
				GCC_WARN_UNDECLARED_SELECTOR = YES;
				GCC_WARN_UNINITIALIZED_AUTOS = YES_AGGRESSIVE;
				GCC_WARN_UNUSED_FUNCTION = YES;
				GCC_WARN_UNUSED_VARIABLE = YES;
				IPHONEOS_DEPLOYMENT_TARGET = 15.0;
				MTL_ENABLE_DEBUG_INFO = NO;
				MTL_FAST_MATH = YES;
				SDKROOT = iphoneos;
				SWIFT_COMPILATION_MODE = wholemodule;
				SWIFT_OPTIMIZATION_LEVEL = "-O";
				VALIDATE_PRODUCT = YES;
			};
			name = Release;
		};
		E4BC89792757E0EC0076F4D5 /* Debug */ = {
			isa = XCBuildConfiguration;
			buildSettings = {
				ASSETCATALOG_COMPILER_APPICON_NAME = AppIcon;
				ASSETCATALOG_COMPILER_GLOBAL_ACCENT_COLOR_NAME = AccentColor;
				CODE_SIGN_ENTITLEMENTS = "TD Coach Cam/TD Coach Cam.entitlements";
				CODE_SIGN_STYLE = Automatic;
				CURRENT_PROJECT_VERSION = 1;
				DEVELOPMENT_ASSET_PATHS = "\"TD Coach Cam/Preview Content\"";
				DEVELOPMENT_TEAM = RGFY4NFFB9;
				ENABLE_PREVIEWS = YES;
				GENERATE_INFOPLIST_FILE = YES;
				INFOPLIST_KEY_UIApplicationSceneManifest_Generation = YES;
				INFOPLIST_KEY_UIApplicationSupportsIndirectInputEvents = YES;
				INFOPLIST_KEY_UILaunchScreen_Generation = YES;
				INFOPLIST_KEY_UISupportedInterfaceOrientations_iPad = "UIInterfaceOrientationPortrait UIInterfaceOrientationPortraitUpsideDown UIInterfaceOrientationLandscapeLeft UIInterfaceOrientationLandscapeRight";
				INFOPLIST_KEY_UISupportedInterfaceOrientations_iPhone = "UIInterfaceOrientationPortrait UIInterfaceOrientationLandscapeLeft UIInterfaceOrientationLandscapeRight";
				LD_RUNPATH_SEARCH_PATHS = (
					"$(inherited)",
					"@executable_path/Frameworks",
				);
				MARKETING_VERSION = 1.0;
				PRODUCT_BUNDLE_IDENTIFIER = "com.davistheo.TD-Coach-Cam";
				PRODUCT_NAME = "$(TARGET_NAME)";
				SWIFT_EMIT_LOC_STRINGS = YES;
				SWIFT_VERSION = 5.0;
				TARGETED_DEVICE_FAMILY = "1,2";
			};
			name = Debug;
		};
		E4BC897A2757E0EC0076F4D5 /* Release */ = {
			isa = XCBuildConfiguration;
			buildSettings = {
				ASSETCATALOG_COMPILER_APPICON_NAME = AppIcon;
				ASSETCATALOG_COMPILER_GLOBAL_ACCENT_COLOR_NAME = AccentColor;
				CODE_SIGN_ENTITLEMENTS = "TD Coach Cam/TD Coach Cam.entitlements";
				CODE_SIGN_STYLE = Automatic;
				CURRENT_PROJECT_VERSION = 1;
				DEVELOPMENT_ASSET_PATHS = "\"TD Coach Cam/Preview Content\"";
				DEVELOPMENT_TEAM = RGFY4NFFB9;
				ENABLE_PREVIEWS = YES;
				GENERATE_INFOPLIST_FILE = YES;
				INFOPLIST_KEY_UIApplicationSceneManifest_Generation = YES;
				INFOPLIST_KEY_UIApplicationSupportsIndirectInputEvents = YES;
				INFOPLIST_KEY_UILaunchScreen_Generation = YES;
				INFOPLIST_KEY_UISupportedInterfaceOrientations_iPad = "UIInterfaceOrientationPortrait UIInterfaceOrientationPortraitUpsideDown UIInterfaceOrientationLandscapeLeft UIInterfaceOrientationLandscapeRight";
				INFOPLIST_KEY_UISupportedInterfaceOrientations_iPhone = "UIInterfaceOrientationPortrait UIInterfaceOrientationLandscapeLeft UIInterfaceOrientationLandscapeRight";
				LD_RUNPATH_SEARCH_PATHS = (
					"$(inherited)",
					"@executable_path/Frameworks",
				);
				MARKETING_VERSION = 1.0;
				PRODUCT_BUNDLE_IDENTIFIER = "com.davistheo.TD-Coach-Cam";
				PRODUCT_NAME = "$(TARGET_NAME)";
				SWIFT_EMIT_LOC_STRINGS = YES;
				SWIFT_VERSION = 5.0;
				TARGETED_DEVICE_FAMILY = "1,2";
			};
			name = Release;
		};
/* End XCBuildConfiguration section */

/* Begin XCConfigurationList section */
		E4BC89652757E0EA0076F4D5 /* Build configuration list for PBXProject "TD Coach Cam" */ = {
			isa = XCConfigurationList;
			buildConfigurations = (
				E4BC89762757E0EC0076F4D5 /* Debug */,
				E4BC89772757E0EC0076F4D5 /* Release */,
			);
			defaultConfigurationIsVisible = 0;
			defaultConfigurationName = Release;
		};
		E4BC89782757E0EC0076F4D5 /* Build configuration list for PBXNativeTarget "TD Coach Cam" */ = {
			isa = XCConfigurationList;
			buildConfigurations = (
				E4BC89792757E0EC0076F4D5 /* Debug */,
				E4BC897A2757E0EC0076F4D5 /* Release */,
			);
			defaultConfigurationIsVisible = 0;
			defaultConfigurationName = Release;
		};
/* End XCConfigurationList section */
	};
	rootObject = E4BC89622757E0EA0076F4D5 /* Project object */;
}
